
Microsoft Visual Studio Solution File, Format Version 12.00
# Visual Studio Version 17
VisualStudioVersion = 17.13.35913.81 d17.13
MinimumVisualStudioVersion = 10.0.40219.1
Project("{FAE04EC0-301F-11D3-BF4B-00C04F79EFBC}") = "HardWareNet", "HardWareNet.csproj", "{F9EA5262-F56F-41D6-A5D6-AB45BEBA3E13}"
EndProject
Global
	GlobalSection(SolutionConfigurationPlatforms) = preSolution
		Debug|Any CPU = Debug|Any CPU
		Release|Any CPU = Release|Any CPU
	EndGlobalSection
	GlobalSection(ProjectConfigurationPlatforms) = postSolution
		{F9EA5262-F56F-41D6-A5D6-AB45BEBA3E13}.Debug|Any CPU.ActiveCfg = Debug|Any CPU
		{F9EA5262-F56F-41D6-A5D6-AB45BEBA3E13}.Debug|Any CPU.Build.0 = Debug|Any CPU
		{F9EA5262-F56F-41D6-A5D6-AB45BEBA3E13}.Release|Any CPU.ActiveCfg = Release|Any CPU
		{F9EA5262-F56F-41D6-A5D6-AB45BEBA3E13}.Release|Any CPU.Build.0 = Release|Any CPU
	EndGlobalSection
	GlobalSection(SolutionProperties) = preSolution
		HideSolutionNode = FALSE
	EndGlobalSection
	GlobalSection(ExtensibilityGlobals) = postSolution
		SolutionGuid = {8EA4F232-2CA8-4346-BA5C-2155DAD87FDB}
	EndGlobalSection
EndGlobal
